// !$*UTF8*$!
{
	archiveVersion = 1;
	classes = {
	};
	objectVersion = 55;
	objects = {

/* Begin PBXBuildFile section */
		390FD6D027A775540048E91A /* SwiftfulCryptoApp.swift in Sources */ = {isa = PBXBuildFile; fileRef = 390FD6CF27A775540048E91A /* SwiftfulCryptoApp.swift */; };
		390FD6D727A7759D0048E91A /* Preview Assets.xcassets in Resources */ = {isa = PBXBuildFile; fileRef = 390FD6D627A7759D0048E91A /* Preview Assets.xcassets */; };
		390FD6DE27A7782E0048E91A /* Assets.xcassets in Resources */ = {isa = PBXBuildFile; fileRef = 390FD6DD27A778240048E91A /* Assets.xcassets */; };
		390FD6E127A778D30048E91A /* Color.swift in Sources */ = {isa = PBXBuildFile; fileRef = 390FD6E027A778D30048E91A /* Color.swift */; };
		390FD6E727A77A8C0048E91A /* HomeView.swift in Sources */ = {isa = PBXBuildFile; fileRef = 390FD6E627A77A8C0048E91A /* HomeView.swift */; };
		390FD6EA27A77E960048E91A /* CircleButtonView.swift in Sources */ = {isa = PBXBuildFile; fileRef = 390FD6E927A77E960048E91A /* CircleButtonView.swift */; };
		390FD6EC27A784670048E91A /* CircleButtonAnimationView.swift in Sources */ = {isa = PBXBuildFile; fileRef = 390FD6EB27A784660048E91A /* CircleButtonAnimationView.swift */; };
		390FD6EF27A78C6D0048E91A /* CoinModel.swift in Sources */ = {isa = PBXBuildFile; fileRef = 390FD6EE27A78C6D0048E91A /* CoinModel.swift */; };
		390FD6F127A794CE0048E91A /* CoinRowView.swift in Sources */ = {isa = PBXBuildFile; fileRef = 390FD6F027A794CE0048E91A /* CoinRowView.swift */; };
		390FD6F527A795EA0048E91A /* PreviewProvider.swift in Sources */ = {isa = PBXBuildFile; fileRef = 390FD6F427A795E90048E91A /* PreviewProvider.swift */; };
		390FD6F727A7A4650048E91A /* Double.swift in Sources */ = {isa = PBXBuildFile; fileRef = 390FD6F627A7A4650048E91A /* Double.swift */; };
		390FD6F927A7AFA60048E91A /* HomeViewModel.swift in Sources */ = {isa = PBXBuildFile; fileRef = 390FD6F827A7AFA50048E91A /* HomeViewModel.swift */; };
		390FD6FC27A7B6330048E91A /* CoinDataService.swift in Sources */ = {isa = PBXBuildFile; fileRef = 390FD6FB27A7B6330048E91A /* CoinDataService.swift */; };
/* End PBXBuildFile section */

/* Begin PBXFileReference section */
		390FD6CC27A775540048E91A /* Crypto Tracker.app */ = {isa = PBXFileReference; explicitFileType = wrapper.application; includeInIndex = 0; path = "Crypto Tracker.app"; sourceTree = BUILT_PRODUCTS_DIR; };
		390FD6CF27A775540048E91A /* SwiftfulCryptoApp.swift */ = {isa = PBXFileReference; lastKnownFileType = sourcecode.swift; path = SwiftfulCryptoApp.swift; sourceTree = "<group>"; };
		390FD6D627A7759D0048E91A /* Preview Assets.xcassets */ = {isa = PBXFileReference; lastKnownFileType = folder.assetcatalog; path = "Preview Assets.xcassets"; sourceTree = "<group>"; };
		390FD6DD27A778240048E91A /* Assets.xcassets */ = {isa = PBXFileReference; lastKnownFileType = folder.assetcatalog; name = Assets.xcassets; path = ../../../../Downloads/Resources/Assets.xcassets; sourceTree = "<group>"; };
		390FD6E027A778D30048E91A /* Color.swift */ = {isa = PBXFileReference; lastKnownFileType = sourcecode.swift; path = Color.swift; sourceTree = "<group>"; };
		390FD6E627A77A8C0048E91A /* HomeView.swift */ = {isa = PBXFileReference; lastKnownFileType = sourcecode.swift; path = HomeView.swift; sourceTree = "<group>"; };
		390FD6E927A77E960048E91A /* CircleButtonView.swift */ = {isa = PBXFileReference; lastKnownFileType = sourcecode.swift; path = CircleButtonView.swift; sourceTree = "<group>"; };
		390FD6EB27A784660048E91A /* CircleButtonAnimationView.swift */ = {isa = PBXFileReference; lastKnownFileType = sourcecode.swift; path = CircleButtonAnimationView.swift; sourceTree = "<group>"; };
		390FD6EE27A78C6D0048E91A /* CoinModel.swift */ = {isa = PBXFileReference; fileEncoding = 4; lastKnownFileType = sourcecode.swift; path = CoinModel.swift; sourceTree = "<group>"; };
		390FD6F027A794CE0048E91A /* CoinRowView.swift */ = {isa = PBXFileReference; lastKnownFileType = sourcecode.swift; path = CoinRowView.swift; sourceTree = "<group>"; };
		390FD6F427A795E90048E91A /* PreviewProvider.swift */ = {isa = PBXFileReference; fileEncoding = 4; lastKnownFileType = sourcecode.swift; name = PreviewProvider.swift; path = ../../../../../Downloads/Resources/Extensions/PreviewProvider.swift; sourceTree = "<group>"; };
		390FD6F627A7A4650048E91A /* Double.swift */ = {isa = PBXFileReference; lastKnownFileType = sourcecode.swift; path = Double.swift; sourceTree = "<group>"; };
		390FD6F827A7AFA50048E91A /* HomeViewModel.swift */ = {isa = PBXFileReference; lastKnownFileType = sourcecode.swift; path = HomeViewModel.swift; sourceTree = "<group>"; };
		390FD6FB27A7B6330048E91A /* CoinDataService.swift */ = {isa = PBXFileReference; lastKnownFileType = sourcecode.swift; path = CoinDataService.swift; sourceTree = "<group>"; };
/* End PBXFileReference section */

/* Begin PBXFrameworksBuildPhase section */
		390FD6C927A775520048E91A /* Frameworks */ = {
			isa = PBXFrameworksBuildPhase;
			buildActionMask = 2147483647;
			files = (
			);
			runOnlyForDeploymentPostprocessing = 0;
		};
/* End PBXFrameworksBuildPhase section */

/* Begin PBXGroup section */
		390FD6C327A775510048E91A = {
			isa = PBXGroup;
			children = (
				390FD6CE27A775540048E91A /* SwiftfulCrypto */,
				390FD6CD27A775540048E91A /* Products */,
			);
			sourceTree = "<group>";
		};
		390FD6CD27A775540048E91A /* Products */ = {
			isa = PBXGroup;
			children = (
				390FD6CC27A775540048E91A /* Crypto Tracker.app */,
			);
			name = Products;
			sourceTree = "<group>";
		};
		390FD6CE27A775540048E91A /* SwiftfulCrypto */ = {
			isa = PBXGroup;
			children = (
				390FD6FA27A7B60F0048E91A /* Services */,
				390FD6ED27A78C500048E91A /* Models */,
				390FD6E227A77A110048E91A /* Core */,
				390FD6DF27A778940048E91A /* Extensions */,
				390FD6CF27A775540048E91A /* SwiftfulCryptoApp.swift */,
				390FD6DD27A778240048E91A /* Assets.xcassets */,
				390FD6D527A7759D0048E91A /* Preview Content */,
			);
			path = SwiftfulCrypto;
			sourceTree = "<group>";
		};
		390FD6D527A7759D0048E91A /* Preview Content */ = {
			isa = PBXGroup;
			children = (
				390FD6D627A7759D0048E91A /* Preview Assets.xcassets */,
			);
			path = "Preview Content";
			sourceTree = "<group>";
		};
		390FD6DF27A778940048E91A /* Extensions */ = {
			isa = PBXGroup;
			children = (
				390FD6F427A795E90048E91A /* PreviewProvider.swift */,
				390FD6E027A778D30048E91A /* Color.swift */,
				390FD6F627A7A4650048E91A /* Double.swift */,
			);
			path = Extensions;
			sourceTree = "<group>";
		};
		390FD6E227A77A110048E91A /* Core */ = {
			isa = PBXGroup;
			children = (
				390FD6E827A77E470048E91A /* Components */,
				390FD6E327A77A490048E91A /* Home */,
			);
			path = Core;
			sourceTree = "<group>";
		};
		390FD6E327A77A490048E91A /* Home */ = {
			isa = PBXGroup;
			children = (
				390FD6E527A77A5B0048E91A /* ViewModels */,
				390FD6E427A77A520048E91A /* Views */,
			);
			path = Home;
			sourceTree = "<group>";
		};
		390FD6E427A77A520048E91A /* Views */ = {
			isa = PBXGroup;
			children = (
				390FD6E627A77A8C0048E91A /* HomeView.swift */,
				390FD6F027A794CE0048E91A /* CoinRowView.swift */,
			);
			path = Views;
			sourceTree = "<group>";
		};
		390FD6E527A77A5B0048E91A /* ViewModels */ = {
			isa = PBXGroup;
			children = (
				390FD6F827A7AFA50048E91A /* HomeViewModel.swift */,
			);
			path = ViewModels;
			sourceTree = "<group>";
		};
		390FD6E827A77E470048E91A /* Components */ = {
			isa = PBXGroup;
			children = (
				390FD6E927A77E960048E91A /* CircleButtonView.swift */,
				390FD6EB27A784660048E91A /* CircleButtonAnimationView.swift */,
			);
			path = Components;
			sourceTree = "<group>";
		};
		390FD6ED27A78C500048E91A /* Models */ = {
			isa = PBXGroup;
			children = (
				390FD6EE27A78C6D0048E91A /* CoinModel.swift */,
			);
			path = Models;
			sourceTree = "<group>";
		};
		390FD6FA27A7B60F0048E91A /* Services */ = {
			isa = PBXGroup;
			children = (
				390FD6FB27A7B6330048E91A /* CoinDataService.swift */,
			);
			path = Services;
			sourceTree = "<group>";
		};
/* End PBXGroup section */

/* Begin PBXNativeTarget section */
		390FD6CB27A775520048E91A /* SwiftfulCrypto */ = {
			isa = PBXNativeTarget;
			buildConfigurationList = 390FD6DA27A7759D0048E91A /* Build configuration list for PBXNativeTarget "SwiftfulCrypto" */;
			buildPhases = (
				390FD6C827A775520048E91A /* Sources */,
				390FD6C927A775520048E91A /* Frameworks */,
				390FD6CA27A775520048E91A /* Resources */,
			);
			buildRules = (
			);
			dependencies = (
			);
			name = SwiftfulCrypto;
			productName = SwiftfulCrypto;
			productReference = 390FD6CC27A775540048E91A /* Crypto Tracker.app */;
			productType = "com.apple.product-type.application";
		};
/* End PBXNativeTarget section */

/* Begin PBXProject section */
		390FD6C427A775510048E91A /* Project object */ = {
			isa = PBXProject;
			attributes = {
				BuildIndependentTargetsInParallel = 1;
				LastSwiftUpdateCheck = 1300;
				LastUpgradeCheck = 1300;
				TargetAttributes = {
					390FD6CB27A775520048E91A = {
						CreatedOnToolsVersion = 13.0;
					};
				};
			};
			buildConfigurationList = 390FD6C727A775510048E91A /* Build configuration list for PBXProject "SwiftfulCrypto" */;
			compatibilityVersion = "Xcode 13.0";
			developmentRegion = en;
			hasScannedForEncodings = 0;
			knownRegions = (
				en,
				Base,
			);
			mainGroup = 390FD6C327A775510048E91A;
			productRefGroup = 390FD6CD27A775540048E91A /* Products */;
			projectDirPath = "";
			projectRoot = "";
			targets = (
				390FD6CB27A775520048E91A /* SwiftfulCrypto */,
			);
		};
/* End PBXProject section */

/* Begin PBXResourcesBuildPhase section */
		390FD6CA27A775520048E91A /* Resources */ = {
			isa = PBXResourcesBuildPhase;
			buildActionMask = 2147483647;
			files = (
				390FD6D727A7759D0048E91A /* Preview Assets.xcassets in Resources */,
				390FD6DE27A7782E0048E91A /* Assets.xcassets in Resources */,
			);
			runOnlyForDeploymentPostprocessing = 0;
		};
/* End PBXResourcesBuildPhase section */

/* Begin PBXSourcesBuildPhase section */
		390FD6C827A775520048E91A /* Sources */ = {
			isa = PBXSourcesBuildPhase;
			buildActionMask = 2147483647;
			files = (
				390FD6E727A77A8C0048E91A /* HomeView.swift in Sources */,
				390FD6D027A775540048E91A /* SwiftfulCryptoApp.swift in Sources */,
				390FD6EC27A784670048E91A /* CircleButtonAnimationView.swift in Sources */,
				390FD6F927A7AFA60048E91A /* HomeViewModel.swift in Sources */,
				390FD6EA27A77E960048E91A /* CircleButtonView.swift in Sources */,
				390FD6EF27A78C6D0048E91A /* CoinModel.swift in Sources */,
				390FD6F127A794CE0048E91A /* CoinRowView.swift in Sources */,
				390FD6F527A795EA0048E91A /* PreviewProvider.swift in Sources */,
				390FD6F727A7A4650048E91A /* Double.swift in Sources */,
				390FD6E127A778D30048E91A /* Color.swift in Sources */,
				390FD6FC27A7B6330048E91A /* CoinDataService.swift in Sources */,
			);
			runOnlyForDeploymentPostprocessing = 0;
		};
/* End PBXSourcesBuildPhase section */

/* Begin XCBuildConfiguration section */
		390FD6D827A7759D0048E91A /* Debug */ = {
			isa = XCBuildConfiguration;
			buildSettings = {
				ALWAYS_SEARCH_USER_PATHS = NO;
				CLANG_ANALYZER_NONNULL = YES;
				CLANG_ANALYZER_NUMBER_OBJECT_CONVERSION = YES_AGGRESSIVE;
				CLANG_CXX_LANGUAGE_STANDARD = "gnu++17";
				CLANG_CXX_LIBRARY = "libc++";
				CLANG_ENABLE_MODULES = YES;
				CLANG_ENABLE_OBJC_ARC = YES;
				CLANG_ENABLE_OBJC_WEAK = YES;
				CLANG_WARN_BLOCK_CAPTURE_AUTORELEASING = YES;
				CLANG_WARN_BOOL_CONVERSION = YES;
				CLANG_WARN_COMMA = YES;
				CLANG_WARN_CONSTANT_CONVERSION = YES;
				CLANG_WARN_DEPRECATED_OBJC_IMPLEMENTATIONS = YES;
				CLANG_WARN_DIRECT_OBJC_ISA_USAGE = YES_ERROR;
				CLANG_WARN_DOCUMENTATION_COMMENTS = YES;
				CLANG_WARN_EMPTY_BODY = YES;
				CLANG_WARN_ENUM_CONVERSION = YES;
				CLANG_WARN_INFINITE_RECURSION = YES;
				CLANG_WARN_INT_CONVERSION = YES;
				CLANG_WARN_NON_LITERAL_NULL_CONVERSION = YES;
				CLANG_WARN_OBJC_IMPLICIT_RETAIN_SELF = YES;
				CLANG_WARN_OBJC_LITERAL_CONVERSION = YES;
				CLANG_WARN_OBJC_ROOT_CLASS = YES_ERROR;
				CLANG_WARN_QUOTED_INCLUDE_IN_FRAMEWORK_HEADER = YES;
				CLANG_WARN_RANGE_LOOP_ANALYSIS = YES;
				CLANG_WARN_STRICT_PROTOTYPES = YES;
				CLANG_WARN_SUSPICIOUS_MOVE = YES;
				CLANG_WARN_UNGUARDED_AVAILABILITY = YES_AGGRESSIVE;
				CLANG_WARN_UNREACHABLE_CODE = YES;
				CLANG_WARN__DUPLICATE_METHOD_MATCH = YES;
				COPY_PHASE_STRIP = NO;
				DEBUG_INFORMATION_FORMAT = dwarf;
				ENABLE_STRICT_OBJC_MSGSEND = YES;
				ENABLE_TESTABILITY = YES;
				GCC_C_LANGUAGE_STANDARD = gnu11;
				GCC_DYNAMIC_NO_PIC = NO;
				GCC_NO_COMMON_BLOCKS = YES;
				GCC_OPTIMIZATION_LEVEL = 0;
				GCC_PREPROCESSOR_DEFINITIONS = (
					"DEBUG=1",
					"$(inherited)",
				);
				GCC_WARN_64_TO_32_BIT_CONVERSION = YES;
				GCC_WARN_ABOUT_RETURN_TYPE = YES_ERROR;
				GCC_WARN_UNDECLARED_SELECTOR = YES;
				GCC_WARN_UNINITIALIZED_AUTOS = YES_AGGRESSIVE;
				GCC_WARN_UNUSED_FUNCTION = YES;
				GCC_WARN_UNUSED_VARIABLE = YES;
				IPHONEOS_DEPLOYMENT_TARGET = 15.0;
				MTL_ENABLE_DEBUG_INFO = INCLUDE_SOURCE;
				MTL_FAST_MATH = YES;
				ONLY_ACTIVE_ARCH = YES;
				SDKROOT = iphoneos;
				SWIFT_ACTIVE_COMPILATION_CONDITIONS = DEBUG;
				SWIFT_OPTIMIZATION_LEVEL = "-Onone";
			};
			name = Debug;
		};
		390FD6D927A7759D0048E91A /* Release */ = {
			isa = XCBuildConfiguration;
			buildSettings = {
				ALWAYS_SEARCH_USER_PATHS = NO;
				CLANG_ANALYZER_NONNULL = YES;
				CLANG_ANALYZER_NUMBER_OBJECT_CONVERSION = YES_AGGRESSIVE;
				CLANG_CXX_LANGUAGE_STANDARD = "gnu++17";
				CLANG_CXX_LIBRARY = "libc++";
				CLANG_ENABLE_MODULES = YES;
				CLANG_ENABLE_OBJC_ARC = YES;
				CLANG_ENABLE_OBJC_WEAK = YES;
				CLANG_WARN_BLOCK_CAPTURE_AUTORELEASING = YES;
				CLANG_WARN_BOOL_CONVERSION = YES;
				CLANG_WARN_COMMA = YES;
				CLANG_WARN_CONSTANT_CONVERSION = YES;
				CLANG_WARN_DEPRECATED_OBJC_IMPLEMENTATIONS = YES;
				CLANG_WARN_DIRECT_OBJC_ISA_USAGE = YES_ERROR;
				CLANG_WARN_DOCUMENTATION_COMMENTS = YES;
				CLANG_WARN_EMPTY_BODY = YES;
				CLANG_WARN_ENUM_CONVERSION = YES;
				CLANG_WARN_INFINITE_RECURSION = YES;
				CLANG_WARN_INT_CONVERSION = YES;
				CLANG_WARN_NON_LITERAL_NULL_CONVERSION = YES;
				CLANG_WARN_OBJC_IMPLICIT_RETAIN_SELF = YES;
				CLANG_WARN_OBJC_LITERAL_CONVERSION = YES;
				CLANG_WARN_OBJC_ROOT_CLASS = YES_ERROR;
				CLANG_WARN_QUOTED_INCLUDE_IN_FRAMEWORK_HEADER = YES;
				CLANG_WARN_RANGE_LOOP_ANALYSIS = YES;
				CLANG_WARN_STRICT_PROTOTYPES = YES;
				CLANG_WARN_SUSPICIOUS_MOVE = YES;
				CLANG_WARN_UNGUARDED_AVAILABILITY = YES_AGGRESSIVE;
				CLANG_WARN_UNREACHABLE_CODE = YES;
				CLANG_WARN__DUPLICATE_METHOD_MATCH = YES;
				COPY_PHASE_STRIP = NO;
				DEBUG_INFORMATION_FORMAT = "dwarf-with-dsym";
				ENABLE_NS_ASSERTIONS = NO;
				ENABLE_STRICT_OBJC_MSGSEND = YES;
				GCC_C_LANGUAGE_STANDARD = gnu11;
				GCC_NO_COMMON_BLOCKS = YES;
				GCC_WARN_64_TO_32_BIT_CONVERSION = YES;
				GCC_WARN_ABOUT_RETURN_TYPE = YES_ERROR;
				GCC_WARN_UNDECLARED_SELECTOR = YES;
				GCC_WARN_UNINITIALIZED_AUTOS = YES_AGGRESSIVE;
				GCC_WARN_UNUSED_FUNCTION = YES;
				GCC_WARN_UNUSED_VARIABLE = YES;
				IPHONEOS_DEPLOYMENT_TARGET = 15.0;
				MTL_ENABLE_DEBUG_INFO = NO;
				MTL_FAST_MATH = YES;
				SDKROOT = iphoneos;
				SWIFT_COMPILATION_MODE = wholemodule;
				SWIFT_OPTIMIZATION_LEVEL = "-O";
				VALIDATE_PRODUCT = YES;
			};
			name = Release;
		};
		390FD6DB27A7759D0048E91A /* Debug */ = {
			isa = XCBuildConfiguration;
			buildSettings = {
				ASSETCATALOG_COMPILER_APPICON_NAME = AppIcon;
				ASSETCATALOG_COMPILER_GLOBAL_ACCENT_COLOR_NAME = AccentColor;
				CODE_SIGN_STYLE = Automatic;
				CURRENT_PROJECT_VERSION = 1;
				DEVELOPMENT_ASSET_PATHS = "\"SwiftfulCrypto/Preview Content\"";
				ENABLE_PREVIEWS = YES;
				GENERATE_INFOPLIST_FILE = YES;
				INFOPLIST_KEY_UIApplicationSceneManifest_Generation = YES;
				INFOPLIST_KEY_UIApplicationSupportsIndirectInputEvents = YES;
				INFOPLIST_KEY_UILaunchScreen_Generation = YES;
				INFOPLIST_KEY_UISupportedInterfaceOrientations_iPad = "UIInterfaceOrientationPortrait UIInterfaceOrientationPortraitUpsideDown UIInterfaceOrientationLandscapeLeft UIInterfaceOrientationLandscapeRight";
				INFOPLIST_KEY_UISupportedInterfaceOrientations_iPhone = "UIInterfaceOrientationPortrait UIInterfaceOrientationLandscapeLeft UIInterfaceOrientationLandscapeRight";
				IPHONEOS_DEPLOYMENT_TARGET = 15.0;
				LD_RUNPATH_SEARCH_PATHS = (
					"$(inherited)",
					"@executable_path/Frameworks",
				);
				MARKETING_VERSION = 1.0;
				PRODUCT_BUNDLE_IDENTIFIER = com.badguy.SwiftfulCrypto;
				PRODUCT_NAME = "Crypto Tracker";
				SWIFT_EMIT_LOC_STRINGS = YES;
				SWIFT_VERSION = 5.0;
				TARGETED_DEVICE_FAMILY = "1,2";
			};
			name = Debug;
		};
		390FD6DC27A7759D0048E91A /* Release */ = {
			isa = XCBuildConfiguration;
			buildSettings = {
				ASSETCATALOG_COMPILER_APPICON_NAME = AppIcon;
				ASSETCATALOG_COMPILER_GLOBAL_ACCENT_COLOR_NAME = AccentColor;
				CODE_SIGN_STYLE = Automatic;
				CURRENT_PROJECT_VERSION = 1;
				DEVELOPMENT_ASSET_PATHS = "\"SwiftfulCrypto/Preview Content\"";
				ENABLE_PREVIEWS = YES;
				GENERATE_INFOPLIST_FILE = YES;
				INFOPLIST_KEY_UIApplicationSceneManifest_Generation = YES;
				INFOPLIST_KEY_UIApplicationSupportsIndirectInputEvents = YES;
				INFOPLIST_KEY_UILaunchScreen_Generation = YES;
				INFOPLIST_KEY_UISupportedInterfaceOrientations_iPad = "UIInterfaceOrientationPortrait UIInterfaceOrientationPortraitUpsideDown UIInterfaceOrientationLandscapeLeft UIInterfaceOrientationLandscapeRight";
				INFOPLIST_KEY_UISupportedInterfaceOrientations_iPhone = "UIInterfaceOrientationPortrait UIInterfaceOrientationLandscapeLeft UIInterfaceOrientationLandscapeRight";
				IPHONEOS_DEPLOYMENT_TARGET = 15.0;
				LD_RUNPATH_SEARCH_PATHS = (
					"$(inherited)",
					"@executable_path/Frameworks",
				);
				MARKETING_VERSION = 1.0;
				PRODUCT_BUNDLE_IDENTIFIER = com.badguy.SwiftfulCrypto;
				PRODUCT_NAME = "Crypto Tracker";
				SWIFT_EMIT_LOC_STRINGS = YES;
				SWIFT_VERSION = 5.0;
				TARGETED_DEVICE_FAMILY = "1,2";
			};
			name = Release;
		};
/* End XCBuildConfiguration section */

/* Begin XCConfigurationList section */
		390FD6C727A775510048E91A /* Build configuration list for PBXProject "SwiftfulCrypto" */ = {
			isa = XCConfigurationList;
			buildConfigurations = (
				390FD6D827A7759D0048E91A /* Debug */,
				390FD6D927A7759D0048E91A /* Release */,
			);
			defaultConfigurationIsVisible = 0;
			defaultConfigurationName = Release;
		};
		390FD6DA27A7759D0048E91A /* Build configuration list for PBXNativeTarget "SwiftfulCrypto" */ = {
			isa = XCConfigurationList;
			buildConfigurations = (
				390FD6DB27A7759D0048E91A /* Debug */,
				390FD6DC27A7759D0048E91A /* Release */,
			);
			defaultConfigurationIsVisible = 0;
			defaultConfigurationName = Release;
		};
/* End XCConfigurationList section */
	};
	rootObject = 390FD6C427A775510048E91A /* Project object */;
}
